
Microsoft Visual Studio Solution File, Format Version 12.00
# Visual Studio 15
VisualStudioVersion = 15.0.27428.2037
MinimumVisualStudioVersion = 10.0.40219.1
Project("{FAE04EC0-301F-11D3-BF4B-00C04F79EFBC}") = "Banking_App", "Banking_App\Banking_App.csproj", "{FA8C3195-7440-4FB7-B09D-20A09288525F}"
EndProject
Global
	GlobalSection(SolutionConfigurationPlatforms) = preSolution
		Debug|Any CPU = Debug|Any CPU
		Release|Any CPU = Release|Any CPU
	EndGlobalSection
	GlobalSection(ProjectConfigurationPlatforms) = postSolution
		{FA8C3195-7440-4FB7-B09D-20A09288525F}.Debug|Any CPU.ActiveCfg = Debug|Any CPU
		{FA8C3195-7440-4FB7-B09D-20A09288525F}.Debug|Any CPU.Build.0 = Debug|Any CPU
		{FA8C3195-7440-4FB7-B09D-20A09288525F}.Release|Any CPU.ActiveCfg = Release|Any CPU
		{FA8C3195-7440-4FB7-B09D-20A09288525F}.Release|Any CPU.Build.0 = Release|Any CPU
	EndGlobalSection
	GlobalSection(SolutionProperties) = preSolution
		HideSolutionNode = FALSE
	EndGlobalSection
	GlobalSection(ExtensibilityGlobals) = postSolution
		SolutionGuid = {019FE1BE-9F5E-4731-AE9E-74033E63A26B}
	EndGlobalSection
EndGlobal
